// !$*UTF8*$!
{
	archiveVersion = 1;
	classes = {
	};
	objectVersion = 50;
	objects = {

/* Begin PBXBuildFile section */
		CC7AE52F222CBEE4001AD5CF /* AppDelegate.m in Sources */ = {isa = PBXBuildFile; fileRef = CC7AE52E222CBEE4001AD5CF /* AppDelegate.m */; };
		CC7AE532222CBEE4001AD5CF /* ViewController.m in Sources */ = {isa = PBXBuildFile; fileRef = CC7AE531222CBEE4001AD5CF /* ViewController.m */; };
		CC7AE535222CBEE4001AD5CF /* Main.storyboard in Resources */ = {isa = PBXBuildFile; fileRef = CC7AE533222CBEE4001AD5CF /* Main.storyboard */; };
		CC7AE537222CBEE5001AD5CF /* Assets.xcassets in Resources */ = {isa = PBXBuildFile; fileRef = CC7AE536222CBEE5001AD5CF /* Assets.xcassets */; };
		CC7AE53A222CBEE5001AD5CF /* LaunchScreen.storyboard in Resources */ = {isa = PBXBuildFile; fileRef = CC7AE538222CBEE5001AD5CF /* LaunchScreen.storyboard */; };
		CC7AE53D222CBEE5001AD5CF /* main.m in Sources */ = {isa = PBXBuildFile; fileRef = CC7AE53C222CBEE5001AD5CF /* main.m */; };
		CC7AE546222CBF0D001AD5CF /* KKPlaceholderTextView.m in Sources */ = {isa = PBXBuildFile; fileRef = CC7AE545222CBF0D001AD5CF /* KKPlaceholderTextView.m */; };
/* End PBXBuildFile section */

/* Begin PBXFileReference section */
		CC7AE52A222CBEE4001AD5CF /* PlaceholderTextView.app */ = {isa = PBXFileReference; explicitFileType = wrapper.application; includeInIndex = 0; path = PlaceholderTextView.app; sourceTree = BUILT_PRODUCTS_DIR; };
		CC7AE52D222CBEE4001AD5CF /* AppDelegate.h */ = {isa = PBXFileReference; lastKnownFileType = sourcecode.c.h; path = AppDelegate.h; sourceTree = "<group>"; };
		CC7AE52E222CBEE4001AD5CF /* AppDelegate.m */ = {isa = PBXFileReference; lastKnownFileType = sourcecode.c.objc; path = AppDelegate.m; sourceTree = "<group>"; };
		CC7AE530222CBEE4001AD5CF /* ViewController.h */ = {isa = PBXFileReference; lastKnownFileType = sourcecode.c.h; path = ViewController.h; sourceTree = "<group>"; };
		CC7AE531222CBEE4001AD5CF /* ViewController.m */ = {isa = PBXFileReference; lastKnownFileType = sourcecode.c.objc; path = ViewController.m; sourceTree = "<group>"; };
		CC7AE534222CBEE4001AD5CF /* Base */ = {isa = PBXFileReference; lastKnownFileType = file.storyboard; name = Base; path = Base.lproj/Main.storyboard; sourceTree = "<group>"; };
		CC7AE536222CBEE5001AD5CF /* Assets.xcassets */ = {isa = PBXFileReference; lastKnownFileType = folder.assetcatalog; path = Assets.xcassets; sourceTree = "<group>"; };
		CC7AE539222CBEE5001AD5CF /* Base */ = {isa = PBXFileReference; lastKnownFileType = file.storyboard; name = Base; path = Base.lproj/LaunchScreen.storyboard; sourceTree = "<group>"; };
		CC7AE53B222CBEE5001AD5CF /* Info.plist */ = {isa = PBXFileReference; lastKnownFileType = text.plist.xml; path = Info.plist; sourceTree = "<group>"; };
		CC7AE53C222CBEE5001AD5CF /* main.m */ = {isa = PBXFileReference; lastKnownFileType = sourcecode.c.objc; path = main.m; sourceTree = "<group>"; };
		CC7AE544222CBF0D001AD5CF /* KKPlaceholderTextView.h */ = {isa = PBXFileReference; lastKnownFileType = sourcecode.c.h; path = KKPlaceholderTextView.h; sourceTree = "<group>"; };
		CC7AE545222CBF0D001AD5CF /* KKPlaceholderTextView.m */ = {isa = PBXFileReference; lastKnownFileType = sourcecode.c.objc; path = KKPlaceholderTextView.m; sourceTree = "<group>"; };
/* End PBXFileReference section */

/* Begin PBXFrameworksBuildPhase section */
		CC7AE527222CBEE4001AD5CF /* Frameworks */ = {
			isa = PBXFrameworksBuildPhase;
			buildActionMask = 2147483647;
			files = (
			);
			runOnlyForDeploymentPostprocessing = 0;
		};
/* End PBXFrameworksBuildPhase section */

/* Begin PBXGroup section */
		CC7AE521222CBEE4001AD5CF = {
			isa = PBXGroup;
			children = (
				CC7AE543222CBEF4001AD5CF /* KKPlaceholderTextView */,
				CC7AE52C222CBEE4001AD5CF /* PlaceholderTextView */,
				CC7AE52B222CBEE4001AD5CF /* Products */,
			);
			sourceTree = "<group>";
		};
		CC7AE52B222CBEE4001AD5CF /* Products */ = {
			isa = PBXGroup;
			children = (
				CC7AE52A222CBEE4001AD5CF /* PlaceholderTextView.app */,
			);
			name = Products;
			sourceTree = "<group>";
		};
		CC7AE52C222CBEE4001AD5CF /* PlaceholderTextView */ = {
			isa = PBXGroup;
			children = (
				CC7AE52D222CBEE4001AD5CF /* AppDelegate.h */,
				CC7AE52E222CBEE4001AD5CF /* AppDelegate.m */,
				CC7AE530222CBEE4001AD5CF /* ViewController.h */,
				CC7AE531222CBEE4001AD5CF /* ViewController.m */,
				CC7AE533222CBEE4001AD5CF /* Main.storyboard */,
				CC7AE536222CBEE5001AD5CF /* Assets.xcassets */,
				CC7AE538222CBEE5001AD5CF /* LaunchScreen.storyboard */,
				CC7AE53B222CBEE5001AD5CF /* Info.plist */,
				CC7AE53C222CBEE5001AD5CF /* main.m */,
			);
			path = PlaceholderTextView;
			sourceTree = "<group>";
		};
		CC7AE543222CBEF4001AD5CF /* KKPlaceholderTextView */ = {
			isa = PBXGroup;
			children = (
				CC7AE544222CBF0D001AD5CF /* KKPlaceholderTextView.h */,
				CC7AE545222CBF0D001AD5CF /* KKPlaceholderTextView.m */,
			);
			name = KKPlaceholderTextView;
			path = ../KKPlaceholderTextView;
			sourceTree = "<group>";
		};
/* End PBXGroup section */

/* Begin PBXNativeTarget section */
		CC7AE529222CBEE4001AD5CF /* PlaceholderTextView */ = {
			isa = PBXNativeTarget;
			buildConfigurationList = CC7AE540222CBEE5001AD5CF /* Build configuration list for PBXNativeTarget "PlaceholderTextView" */;
			buildPhases = (
				CC7AE526222CBEE4001AD5CF /* Sources */,
				CC7AE527222CBEE4001AD5CF /* Frameworks */,
				CC7AE528222CBEE4001AD5CF /* Resources */,
			);
			buildRules = (
			);
			dependencies = (
			);
			name = PlaceholderTextView;
			productName = PlaceholderTextView;
			productReference = CC7AE52A222CBEE4001AD5CF /* PlaceholderTextView.app */;
			productType = "com.apple.product-type.application";
		};
/* End PBXNativeTarget section */

/* Begin PBXProject section */
		CC7AE522222CBEE4001AD5CF /* Project object */ = {
			isa = PBXProject;
			attributes = {
				LastUpgradeCheck = 1000;
				ORGANIZATIONNAME = Cocoa;
				TargetAttributes = {
					CC7AE529222CBEE4001AD5CF = {
						CreatedOnToolsVersion = 10.0;
					};
				};
			};
			buildConfigurationList = CC7AE525222CBEE4001AD5CF /* Build configuration list for PBXProject "PlaceholderTextView" */;
			compatibilityVersion = "Xcode 9.3";
			developmentRegion = en;
			hasScannedForEncodings = 0;
			knownRegions = (
				en,
				Base,
			);
			mainGroup = CC7AE521222CBEE4001AD5CF;
			productRefGroup = CC7AE52B222CBEE4001AD5CF /* Products */;
			projectDirPath = "";
			projectRoot = "";
			targets = (
				CC7AE529222CBEE4001AD5CF /* PlaceholderTextView */,
			);
		};
/* End PBXProject section */

/* Begin PBXResourcesBuildPhase section */
		CC7AE528222CBEE4001AD5CF /* Resources */ = {
			isa = PBXResourcesBuildPhase;
			buildActionMask = 2147483647;
			files = (
				CC7AE53A222CBEE5001AD5CF /* LaunchScreen.storyboard in Resources */,
				CC7AE537222CBEE5001AD5CF /* Assets.xcassets in Resources */,
				CC7AE535222CBEE4001AD5CF /* Main.storyboard in Resources */,
			);
			runOnlyForDeploymentPostprocessing = 0;
		};
/* End PBXResourcesBuildPhase section */

/* Begin PBXSourcesBuildPhase section */
		CC7AE526222CBEE4001AD5CF /* Sources */ = {
			isa = PBXSourcesBuildPhase;
			buildActionMask = 2147483647;
			files = (
				CC7AE532222CBEE4001AD5CF /* ViewController.m in Sources */,
				CC7AE53D222CBEE5001AD5CF /* main.m in Sources */,
				CC7AE52F222CBEE4001AD5CF /* AppDelegate.m in Sources */,
				CC7AE546222CBF0D001AD5CF /* KKPlaceholderTextView.m in Sources */,
			);
			runOnlyForDeploymentPostprocessing = 0;
		};
/* End PBXSourcesBuildPhase section */

/* Begin PBXVariantGroup section */
		CC7AE533222CBEE4001AD5CF /* Main.storyboard */ = {
			isa = PBXVariantGroup;
			children = (
				CC7AE534222CBEE4001AD5CF /* Base */,
			);
			name = Main.storyboard;
			sourceTree = "<group>";
		};
		CC7AE538222CBEE5001AD5CF /* LaunchScreen.storyboard */ = {
			isa = PBXVariantGroup;
			children = (
				CC7AE539222CBEE5001AD5CF /* Base */,
			);
			name = LaunchScreen.storyboard;
			sourceTree = "<group>";
		};
/* End PBXVariantGroup section */

/* Begin XCBuildConfiguration section */
		CC7AE53E222CBEE5001AD5CF /* Debug */ = {
			isa = XCBuildConfiguration;
			buildSettings = {
				ALWAYS_SEARCH_USER_PATHS = NO;
				CLANG_ANALYZER_NONNULL = YES;
				CLANG_ANALYZER_NUMBER_OBJECT_CONVERSION = YES_AGGRESSIVE;
				CLANG_CXX_LANGUAGE_STANDARD = "gnu++14";
				CLANG_CXX_LIBRARY = "libc++";
				CLANG_ENABLE_MODULES = YES;
				CLANG_ENABLE_OBJC_ARC = YES;
				CLANG_ENABLE_OBJC_WEAK = YES;
				CLANG_WARN_BLOCK_CAPTURE_AUTORELEASING = YES;
				CLANG_WARN_BOOL_CONVERSION = YES;
				CLANG_WARN_COMMA = YES;
				CLANG_WARN_CONSTANT_CONVERSION = YES;
				CLANG_WARN_DEPRECATED_OBJC_IMPLEMENTATIONS = YES;
				CLANG_WARN_DIRECT_OBJC_ISA_USAGE = YES_ERROR;
				CLANG_WARN_DOCUMENTATION_COMMENTS = YES;
				CLANG_WARN_EMPTY_BODY = YES;
				CLANG_WARN_ENUM_CONVERSION = YES;
				CLANG_WARN_INFINITE_RECURSION = YES;
				CLANG_WARN_INT_CONVERSION = YES;
				CLANG_WARN_NON_LITERAL_NULL_CONVERSION = YES;
				CLANG_WARN_OBJC_IMPLICIT_RETAIN_SELF = YES;
				CLANG_WARN_OBJC_LITERAL_CONVERSION = YES;
				CLANG_WARN_OBJC_ROOT_CLASS = YES_ERROR;
				CLANG_WARN_RANGE_LOOP_ANALYSIS = YES;
				CLANG_WARN_STRICT_PROTOTYPES = YES;
				CLANG_WARN_SUSPICIOUS_MOVE = YES;
				CLANG_WARN_UNGUARDED_AVAILABILITY = YES_AGGRESSIVE;
				CLANG_WARN_UNREACHABLE_CODE = YES;
				CLANG_WARN__DUPLICATE_METHOD_MATCH = YES;
				CODE_SIGN_IDENTITY = "iPhone Developer";
				COPY_PHASE_STRIP = NO;
				DEBUG_INFORMATION_FORMAT = dwarf;
				ENABLE_STRICT_OBJC_MSGSEND = YES;
				ENABLE_TESTABILITY = YES;
				GCC_C_LANGUAGE_STANDARD = gnu11;
				GCC_DYNAMIC_NO_PIC = NO;
				GCC_NO_COMMON_BLOCKS = YES;
				GCC_OPTIMIZATION_LEVEL = 0;
				GCC_PREPROCESSOR_DEFINITIONS = (
					"DEBUG=1",
					"$(inherited)",
				);
				GCC_WARN_64_TO_32_BIT_CONVERSION = YES;
				GCC_WARN_ABOUT_RETURN_TYPE = YES_ERROR;
				GCC_WARN_UNDECLARED_SELECTOR = YES;
				GCC_WARN_UNINITIALIZED_AUTOS = YES_AGGRESSIVE;
				GCC_WARN_UNUSED_FUNCTION = YES;
				GCC_WARN_UNUSED_VARIABLE = YES;
				IPHONEOS_DEPLOYMENT_TARGET = 12.0;
				MTL_ENABLE_DEBUG_INFO = INCLUDE_SOURCE;
				MTL_FAST_MATH = YES;
				ONLY_ACTIVE_ARCH = YES;
				SDKROOT = iphoneos;
			};
			name = Debug;
		};
		CC7AE53F222CBEE5001AD5CF /* Release */ = {
			isa = XCBuildConfiguration;
			buildSettings = {
				ALWAYS_SEARCH_USER_PATHS = NO;
				CLANG_ANALYZER_NONNULL = YES;
				CLANG_ANALYZER_NUMBER_OBJECT_CONVERSION = YES_AGGRESSIVE;
				CLANG_CXX_LANGUAGE_STANDARD = "gnu++14";
				CLANG_CXX_LIBRARY = "libc++";
				CLANG_ENABLE_MODULES = YES;
				CLANG_ENABLE_OBJC_ARC = YES;
				CLANG_ENABLE_OBJC_WEAK = YES;
				CLANG_WARN_BLOCK_CAPTURE_AUTORELEASING = YES;
				CLANG_WARN_BOOL_CONVERSION = YES;
				CLANG_WARN_COMMA = YES;
				CLANG_WARN_CONSTANT_CONVERSION = YES;
				CLANG_WARN_DEPRECATED_OBJC_IMPLEMENTATIONS = YES;
				CLANG_WARN_DIRECT_OBJC_ISA_USAGE = YES_ERROR;
				CLANG_WARN_DOCUMENTATION_COMMENTS = YES;
				CLANG_WARN_EMPTY_BODY = YES;
				CLANG_WARN_ENUM_CONVERSION = YES;
				CLANG_WARN_INFINITE_RECURSION = YES;
				CLANG_WARN_INT_CONVERSION = YES;
				CLANG_WARN_NON_LITERAL_NULL_CONVERSION = YES;
				CLANG_WARN_OBJC_IMPLICIT_RETAIN_SELF = YES;
				CLANG_WARN_OBJC_LITERAL_CONVERSION = YES;
				CLANG_WARN_OBJC_ROOT_CLASS = YES_ERROR;
				CLANG_WARN_RANGE_LOOP_ANALYSIS = YES;
				CLANG_WARN_STRICT_PROTOTYPES = YES;
				CLANG_WARN_SUSPICIOUS_MOVE = YES;
				CLANG_WARN_UNGUARDED_AVAILABILITY = YES_AGGRESSIVE;
				CLANG_WARN_UNREACHABLE_CODE = YES;
				CLANG_WARN__DUPLICATE_METHOD_MATCH = YES;
				CODE_SIGN_IDENTITY = "iPhone Developer";
				COPY_PHASE_STRIP = NO;
				DEBUG_INFORMATION_FORMAT = "dwarf-with-dsym";
				ENABLE_NS_ASSERTIONS = NO;
				ENABLE_STRICT_OBJC_MSGSEND = YES;
				GCC_C_LANGUAGE_STANDARD = gnu11;
				GCC_NO_COMMON_BLOCKS = YES;
				GCC_WARN_64_TO_32_BIT_CONVERSION = YES;
				GCC_WARN_ABOUT_RETURN_TYPE = YES_ERROR;
				GCC_WARN_UNDECLARED_SELECTOR = YES;
				GCC_WARN_UNINITIALIZED_AUTOS = YES_AGGRESSIVE;
				GCC_WARN_UNUSED_FUNCTION = YES;
				GCC_WARN_UNUSED_VARIABLE = YES;
				IPHONEOS_DEPLOYMENT_TARGET = 12.0;
				MTL_ENABLE_DEBUG_INFO = NO;
				MTL_FAST_MATH = YES;
				SDKROOT = iphoneos;
				VALIDATE_PRODUCT = YES;
			};
			name = Release;
		};
		CC7AE541222CBEE5001AD5CF /* Debug */ = {
			isa = XCBuildConfiguration;
			buildSettings = {
				ASSETCATALOG_COMPILER_APPICON_NAME = AppIcon;
				CODE_SIGN_STYLE = Automatic;
				INFOPLIST_FILE = PlaceholderTextView/Info.plist;
				LD_RUNPATH_SEARCH_PATHS = (
					"$(inherited)",
					"@executable_path/Frameworks",
				);
				PRODUCT_BUNDLE_IDENTIFIER = com.cocoa.PlaceholderTextView;
				PRODUCT_NAME = "$(TARGET_NAME)";
				TARGETED_DEVICE_FAMILY = "1,2";
			};
			name = Debug;
		};
		CC7AE542222CBEE5001AD5CF /* Release */ = {
			isa = XCBuildConfiguration;
			buildSettings = {
				ASSETCATALOG_COMPILER_APPICON_NAME = AppIcon;
				CODE_SIGN_STYLE = Automatic;
				INFOPLIST_FILE = PlaceholderTextView/Info.plist;
				LD_RUNPATH_SEARCH_PATHS = (
					"$(inherited)",
					"@executable_path/Frameworks",
				);
				PRODUCT_BUNDLE_IDENTIFIER = com.cocoa.PlaceholderTextView;
				PRODUCT_NAME = "$(TARGET_NAME)";
				TARGETED_DEVICE_FAMILY = "1,2";
			};
			name = Release;
		};
/* End XCBuildConfiguration section */

/* Begin XCConfigurationList section */
		CC7AE525222CBEE4001AD5CF /* Build configuration list for PBXProject "PlaceholderTextView" */ = {
			isa = XCConfigurationList;
			buildConfigurations = (
				CC7AE53E222CBEE5001AD5CF /* Debug */,
				CC7AE53F222CBEE5001AD5CF /* Release */,
			);
			defaultConfigurationIsVisible = 0;
			defaultConfigurationName = Release;
		};
		CC7AE540222CBEE5001AD5CF /* Build configuration list for PBXNativeTarget "PlaceholderTextView" */ = {
			isa = XCConfigurationList;
			buildConfigurations = (
				CC7AE541222CBEE5001AD5CF /* Debug */,
				CC7AE542222CBEE5001AD5CF /* Release */,
			);
			defaultConfigurationIsVisible = 0;
			defaultConfigurationName = Release;
		};
/* End XCConfigurationList section */
	};
	rootObject = CC7AE522222CBEE4001AD5CF /* Project object */;
}
